
Microsoft Visual Studio Solution File, Format Version 12.00
# Visual Studio 15
VisualStudioVersion = 15.0.28010.2016
MinimumVisualStudioVersion = 10.0.40219.1
Project("{9A19103F-16F7-4668-BE54-9A1E7A4F7556}") = "ProductShop.App", "ProductShop.App\ProductShop.App.csproj", "{AD322A18-7B73-41CC-B5DA-61D751226555}"
EndProject
Project("{9A19103F-16F7-4668-BE54-9A1E7A4F7556}") = "ProductShop.Data", "ProductShop.Data\ProductShop.Data.csproj", "{69A4CBB2-15A7-4804-9854-7C8FFA921350}"
EndProject
Project("{9A19103F-16F7-4668-BE54-9A1E7A4F7556}") = "ProductShop.Models", "ProductShop.Models\ProductShop.Models.csproj", "{6B2ADECE-AEF3-472F-AF05-DD9BA681FC0F}"
EndProject
Global
	GlobalSection(SolutionConfigurationPlatforms) = preSolution
		Debug|Any CPU = Debug|Any CPU
		Release|Any CPU = Release|Any CPU
	EndGlobalSection
	GlobalSection(ProjectConfigurationPlatforms) = postSolution
		{AD322A18-7B73-41CC-B5DA-61D751226555}.Debug|Any CPU.ActiveCfg = Debug|Any CPU
		{AD322A18-7B73-41CC-B5DA-61D751226555}.Debug|Any CPU.Build.0 = Debug|Any CPU
		{AD322A18-7B73-41CC-B5DA-61D751226555}.Release|Any CPU.ActiveCfg = Release|Any CPU
		{AD322A18-7B73-41CC-B5DA-61D751226555}.Release|Any CPU.Build.0 = Release|Any CPU
		{69A4CBB2-15A7-4804-9854-7C8FFA921350}.Debug|Any CPU.ActiveCfg = Debug|Any CPU
		{69A4CBB2-15A7-4804-9854-7C8FFA921350}.Debug|Any CPU.Build.0 = Debug|Any CPU
		{69A4CBB2-15A7-4804-9854-7C8FFA921350}.Release|Any CPU.ActiveCfg = Release|Any CPU
		{69A4CBB2-15A7-4804-9854-7C8FFA921350}.Release|Any CPU.Build.0 = Release|Any CPU
		{6B2ADECE-AEF3-472F-AF05-DD9BA681FC0F}.Debug|Any CPU.ActiveCfg = Debug|Any CPU
		{6B2ADECE-AEF3-472F-AF05-DD9BA681FC0F}.Debug|Any CPU.Build.0 = Debug|Any CPU
		{6B2ADECE-AEF3-472F-AF05-DD9BA681FC0F}.Release|Any CPU.ActiveCfg = Release|Any CPU
		{6B2ADECE-AEF3-472F-AF05-DD9BA681FC0F}.Release|Any CPU.Build.0 = Release|Any CPU
	EndGlobalSection
	GlobalSection(SolutionProperties) = preSolution
		HideSolutionNode = FALSE
	EndGlobalSection
	GlobalSection(ExtensibilityGlobals) = postSolution
		SolutionGuid = {0CE546C8-707C-4964-8CBD-86019ADF3A7E}
	EndGlobalSection
EndGlobal
