
Microsoft Visual Studio Solution File, Format Version 12.00
# Visual Studio 15
VisualStudioVersion = 15.0.27703.2035
MinimumVisualStudioVersion = 10.0.40219.1
Project("{9A19103F-16F7-4668-BE54-9A1E7A4F7556}") = "P01_HospitalDatabase.Data", "P01_HospitalDatabase.Data\P01_HospitalDatabase.Data.csproj", "{69C071FB-B537-4611-B908-B6DD983C538F}"
EndProject
Project("{9A19103F-16F7-4668-BE54-9A1E7A4F7556}") = "P01_HospitalDatabase.Data.Models", "P01_HospitalDatabase.Data.Models\P01_HospitalDatabase.Data.Models.csproj", "{7C07E131-69DD-4CA9-ABC5-9BE009EDB82A}"
EndProject
Project("{9A19103F-16F7-4668-BE54-9A1E7A4F7556}") = "P01_HospitalDatabase", "P01_HospitalDatabase\P01_HospitalDatabase.csproj", "{B57CFE13-C9EB-4765-80A9-E66D6F20E5D4}"
EndProject
Project("{FAE04EC0-301F-11D3-BF4B-00C04F79EFBC}") = "HospitalDatabaseInitializer", "HospitalDatabaseInitializer\HospitalDatabaseInitializer.csproj", "{18455C29-FF0C-4070-8FC1-E722E7C40319}"
EndProject
Global
	GlobalSection(SolutionConfigurationPlatforms) = preSolution
		Debug|Any CPU = Debug|Any CPU
		Release|Any CPU = Release|Any CPU
	EndGlobalSection
	GlobalSection(ProjectConfigurationPlatforms) = postSolution
		{69C071FB-B537-4611-B908-B6DD983C538F}.Debug|Any CPU.ActiveCfg = Debug|Any CPU
		{69C071FB-B537-4611-B908-B6DD983C538F}.Debug|Any CPU.Build.0 = Debug|Any CPU
		{69C071FB-B537-4611-B908-B6DD983C538F}.Release|Any CPU.ActiveCfg = Release|Any CPU
		{69C071FB-B537-4611-B908-B6DD983C538F}.Release|Any CPU.Build.0 = Release|Any CPU
		{7C07E131-69DD-4CA9-ABC5-9BE009EDB82A}.Debug|Any CPU.ActiveCfg = Debug|Any CPU
		{7C07E131-69DD-4CA9-ABC5-9BE009EDB82A}.Debug|Any CPU.Build.0 = Debug|Any CPU
		{7C07E131-69DD-4CA9-ABC5-9BE009EDB82A}.Release|Any CPU.ActiveCfg = Release|Any CPU
		{7C07E131-69DD-4CA9-ABC5-9BE009EDB82A}.Release|Any CPU.Build.0 = Release|Any CPU
		{B57CFE13-C9EB-4765-80A9-E66D6F20E5D4}.Debug|Any CPU.ActiveCfg = Debug|Any CPU
		{B57CFE13-C9EB-4765-80A9-E66D6F20E5D4}.Debug|Any CPU.Build.0 = Debug|Any CPU
		{B57CFE13-C9EB-4765-80A9-E66D6F20E5D4}.Release|Any CPU.ActiveCfg = Release|Any CPU
		{B57CFE13-C9EB-4765-80A9-E66D6F20E5D4}.Release|Any CPU.Build.0 = Release|Any CPU
		{18455C29-FF0C-4070-8FC1-E722E7C40319}.Debug|Any CPU.ActiveCfg = Debug|Any CPU
		{18455C29-FF0C-4070-8FC1-E722E7C40319}.Debug|Any CPU.Build.0 = Debug|Any CPU
		{18455C29-FF0C-4070-8FC1-E722E7C40319}.Release|Any CPU.ActiveCfg = Release|Any CPU
		{18455C29-FF0C-4070-8FC1-E722E7C40319}.Release|Any CPU.Build.0 = Release|Any CPU
	EndGlobalSection
	GlobalSection(SolutionProperties) = preSolution
		HideSolutionNode = FALSE
	EndGlobalSection
	GlobalSection(ExtensibilityGlobals) = postSolution
		SolutionGuid = {E59AE73A-B574-4064-93D8-32D7C7CECDAF}
	EndGlobalSection
EndGlobal
